
Microsoft Visual Studio Solution File, Format Version 12.00
# Visual Studio Version 16
VisualStudioVersion = 16.0.30621.155
MinimumVisualStudioVersion = 10.0.40219.1
Project("{FAE04EC0-301F-11D3-BF4B-00C04F79EFBC}") = "DemoSourceLink", "DemoSourceLink\DemoSourceLink.csproj", "{83C7993B-4C12-4EC3-B2B3-8A17A4556EB7}"
EndProject
Global
	GlobalSection(SolutionConfigurationPlatforms) = preSolution
		Debug|Any CPU = Debug|Any CPU
		Release|Any CPU = Release|Any CPU
	EndGlobalSection
	GlobalSection(ProjectConfigurationPlatforms) = postSolution
		{83C7993B-4C12-4EC3-B2B3-8A17A4556EB7}.Debug|Any CPU.ActiveCfg = Debug|Any CPU
		{83C7993B-4C12-4EC3-B2B3-8A17A4556EB7}.Debug|Any CPU.Build.0 = Debug|Any CPU
		{83C7993B-4C12-4EC3-B2B3-8A17A4556EB7}.Release|Any CPU.ActiveCfg = Release|Any CPU
		{83C7993B-4C12-4EC3-B2B3-8A17A4556EB7}.Release|Any CPU.Build.0 = Release|Any CPU
	EndGlobalSection
	GlobalSection(SolutionProperties) = preSolution
		HideSolutionNode = FALSE
	EndGlobalSection
	GlobalSection(ExtensibilityGlobals) = postSolution
		SolutionGuid = {E3C42EAB-7392-4D6A-B8F8-E19BCE9FAE10}
	EndGlobalSection
EndGlobal
